lockfileVersion: '6.0'

dependencies:
  nan:
    specifier: ^2.17.0
    version: 2.17.0

devDependencies:
  '@cucumber/gherkin':
    specifier: ^26.2.0
    version: 26.2.0
  tree-sitter-cli:
    specifier: ^0.20.8
    version: 0.20.8

packages:

  /@cucumber/gherkin@26.2.0:
    resolution: {integrity: sha512-iRSiK8YAIHAmLrn/mUfpAx7OXZ7LyNlh1zT89RoziSVCbqSVDxJS6ckEzW8loxs+EEXl0dKPQOXiDmbHV+C/fA==}
    dependencies:
      '@cucumber/messages': 22.0.0
    dev: true

  /@cucumber/messages@22.0.0:
    resolution: {integrity: sha512-EuaUtYte9ilkxcKmfqGF9pJsHRUU0jwie5ukuZ/1NPTuHS1LxHPsGEODK17RPRbZHOFhqybNzG2rHAwThxEymg==}
    dependencies:
      '@types/uuid': 9.0.1
      class-transformer: 0.5.1
      reflect-metadata: 0.1.13
      uuid: 9.0.0
    dev: true

  /@types/uuid@9.0.1:
    resolution: {integrity: sha512-rFT3ak0/2trgvp4yYZo5iKFEPsET7vKydKF+VRCxlQ9bpheehyAJH89dAkaLEq/j/RZXJIqcgsmPJKUP1Z28HA==}
    dev: true

  /class-transformer@0.5.1:
    resolution: {integrity: sha512-SQa1Ws6hUbfC98vKGxZH3KFY0Y1lm5Zm0SY8XX9zbK7FJCyVEac3ATW0RIpwzW+oOfmHE5PMPufDG9hCfoEOMw==}
    dev: true

  /nan@2.17.0:
    resolution: {integrity: sha512-2ZTgtl0nJsO0KQCjEpxcIr5D+Yv90plTitZt9JBfQvVJDS5seMl3FOvsh3+9CoYWXf/1l5OaZzzF6nDm4cagaQ==}
    dev: false

  /reflect-metadata@0.1.13:
    resolution: {integrity: sha512-Ts1Y/anZELhSsjMcU605fU9RE4Oi3p5ORujwbIKXfWa+0Zxs510Qrmrce5/Jowq3cHSZSJqBjypxmHarc+vEWg==}
    dev: true

  /tree-sitter-cli@0.20.8:
    resolution: {integrity: sha512-XjTcS3wdTy/2cc/ptMLc/WRyOLECRYcMTrSWyhZnj1oGSOWbHLTklgsgRICU3cPfb0vy+oZCC33M43u6R1HSCA==}
    hasBin: true
    requiresBuild: true
    dev: true

  /uuid@9.0.0:
    resolution: {integrity: sha512-MXcSTerfPa4uqyzStbRoTgt5XIe3x5+42+q1sDuy3R5MDk66URdLMOZe5aPX/SQd+kuYAh0FdP/pO28IkQyTeg==}
    hasBin: true
    dev: true
